
Microsoft Visual Studio Solution File, Format Version 12.00
# Visual Studio Version 17
VisualStudioVersion = 17.3.32819.101
MinimumVisualStudioVersion = 10.0.40219.1
Project("{FAE04EC0-301F-11D3-BF4B-00C04F79EFBC}") = "Exercice Semain5 - Joueur", "Exercice Semain5 - Joueur.csproj", "{C04B2C08-DA9E-4533-8059-203FF843BBBE}"
EndProject
Global
	GlobalSection(SolutionConfigurationPlatforms) = preSolution
		Debug|Any CPU = Debug|Any CPU
		Release|Any CPU = Release|Any CPU
	EndGlobalSection
	GlobalSection(ProjectConfigurationPlatforms) = postSolution
		{C04B2C08-DA9E-4533-8059-203FF843BBBE}.Debug|Any CPU.ActiveCfg = Debug|Any CPU
		{C04B2C08-DA9E-4533-8059-203FF843BBBE}.Debug|Any CPU.Build.0 = Debug|Any CPU
		{C04B2C08-DA9E-4533-8059-203FF843BBBE}.Release|Any CPU.ActiveCfg = Release|Any CPU
		{C04B2C08-DA9E-4533-8059-203FF843BBBE}.Release|Any CPU.Build.0 = Release|Any CPU
	EndGlobalSection
	GlobalSection(SolutionProperties) = preSolution
		HideSolutionNode = FALSE
	EndGlobalSection
	GlobalSection(ExtensibilityGlobals) = postSolution
		SolutionGuid = {0C1EB150-DE1C-41D7-B89B-11FBB407ACA0}
	EndGlobalSection
EndGlobal
