
Microsoft Visual Studio Solution File, Format Version 12.00
# Visual Studio Version 17
VisualStudioVersion = 17.3.32811.315
MinimumVisualStudioVersion = 10.0.40219.1
Project("{FAE04EC0-301F-11D3-BF4B-00C04F79EFBC}") = "lab1_JGM", "lab1_JGM.csproj", "{5289B43F-4D98-4CC1-9F53-EB0B6831C1E1}"
EndProject
Global
	GlobalSection(SolutionConfigurationPlatforms) = preSolution
		Debug|Any CPU = Debug|Any CPU
		Release|Any CPU = Release|Any CPU
	EndGlobalSection
	GlobalSection(ProjectConfigurationPlatforms) = postSolution
		{5289B43F-4D98-4CC1-9F53-EB0B6831C1E1}.Debug|Any CPU.ActiveCfg = Debug|Any CPU
		{5289B43F-4D98-4CC1-9F53-EB0B6831C1E1}.Debug|Any CPU.Build.0 = Debug|Any CPU
		{5289B43F-4D98-4CC1-9F53-EB0B6831C1E1}.Release|Any CPU.ActiveCfg = Release|Any CPU
		{5289B43F-4D98-4CC1-9F53-EB0B6831C1E1}.Release|Any CPU.Build.0 = Release|Any CPU
	EndGlobalSection
	GlobalSection(SolutionProperties) = preSolution
		HideSolutionNode = FALSE
	EndGlobalSection
	GlobalSection(ExtensibilityGlobals) = postSolution
		SolutionGuid = {0E196401-9C2E-4660-B0A3-9080609A6CC0}
	EndGlobalSection
EndGlobal
