
Microsoft Visual Studio Solution File, Format Version 12.00
# Visual Studio Version 17
VisualStudioVersion = 17.3.32819.101
MinimumVisualStudioVersion = 10.0.40219.1
Project("{FAE04EC0-301F-11D3-BF4B-00C04F79EFBC}") = "Semaine2_Exemple1", "Semaine2_Exemple1.csproj", "{A9EF1E07-67CB-4156-9A0A-56175DECABB0}"
EndProject
Global
	GlobalSection(SolutionConfigurationPlatforms) = preSolution
		Debug|Any CPU = Debug|Any CPU
		Release|Any CPU = Release|Any CPU
	EndGlobalSection
	GlobalSection(ProjectConfigurationPlatforms) = postSolution
		{A9EF1E07-67CB-4156-9A0A-56175DECABB0}.Debug|Any CPU.ActiveCfg = Debug|Any CPU
		{A9EF1E07-67CB-4156-9A0A-56175DECABB0}.Debug|Any CPU.Build.0 = Debug|Any CPU
		{A9EF1E07-67CB-4156-9A0A-56175DECABB0}.Release|Any CPU.ActiveCfg = Release|Any CPU
		{A9EF1E07-67CB-4156-9A0A-56175DECABB0}.Release|Any CPU.Build.0 = Release|Any CPU
	EndGlobalSection
	GlobalSection(SolutionProperties) = preSolution
		HideSolutionNode = FALSE
	EndGlobalSection
	GlobalSection(ExtensibilityGlobals) = postSolution
		SolutionGuid = {59757F22-A42C-45A7-826C-4E58FFF92D15}
	EndGlobalSection
EndGlobal
